Microsoft Visual Studio Solution File, Format Version 12.00
# Visual Studio 14
VisualStudioVersion = 14.0.24720.0
MinimumVisualStudioVersion = 10.0.40219.1
Project("{FAE04EC0-301F-11D3-BF4B-00C04F79EFBC}") = "TMS", "TMS.csproj", "{7791354A-38D6-4110-9D4C-E6C3235B9BF3}"
EndProject
Project("{2150E333-8FDC-42A3-9474-1A3956D46DE8}") = "Controls", "Controls", "{9AD83597-2EBE-441C-815A-EB1EDB39AE8C}"
EndProject
Project("{FAE04EC0-301F-11D3-BF4B-00C04F79EFBC}") = "ProgressTextBar", "..\..\Lib\Controls\ProgressTextBar\ProgressTextBar.csproj", "{61B7A3E2-4AD4-4D4F-99AD-B09A1C2BFCBE}"
EndProject
Project("{FAE04EC0-301F-11D3-BF4B-00C04F79EFBC}") = "TabPageExtensions", "..\..\Lib\Controls\TabPageExtensions\TabPageExtensions.csproj", "{0AD0B617-45EA-4630-8E5D-06391CD03058}"
EndProject
Project("{FAE04EC0-301F-11D3-BF4B-00C04F79EFBC}") = "TestPointPicker", "..\..\Lib\Controls\TestPointPicker\TestPointPicker.csproj", "{230AA6FC-2123-48EE-8C85-624258B0DCF5}"
EndProject
Project("{2150E333-8FDC-42A3-9474-1A3956D46DE8}") = "NuGet", "NuGet", "{9FA9FFEC-6324-4B4F-B7CD-67C811AFB8F6}"
	ProjectSection(SolutionItems) = preProject
		..\..\NuGet.Config = ..\..\NuGet.Config
	EndProjectSection
EndProject
Project("{FAE04EC0-301F-11D3-BF4B-00C04F79EFBC}") = "CommonInterfaces", "..\..\Plugins\Interfaces\CommonInterfaces\CommonInterfaces.csproj", "{B01DED13-1C7E-46B1-90AF-503A243FEE17}"
EndProject
Project("{FAE04EC0-301F-11D3-BF4B-00C04F79EFBC}") = "LibLoggerCsv", "..\..\Lib\Loggers\LibLoggerCsv\LibLoggerCsv.csproj", "{463B267F-0883-491B-BBBA-69AFF81BB8BC}"
EndProject
Project("{2150E333-8FDC-42A3-9474-1A3956D46DE8}") = "Loggers", "Loggers", "{875E6ED4-EF45-43AE-85D2-3BC002E7E06F}"
EndProject
Project("{FAE04EC0-301F-11D3-BF4B-00C04F79EFBC}") = "OutputWindow", "..\..\Lib\Controls\OutputWindow\OutputWindow.csproj", "{966F670A-C352-4C94-8B92-68CA5246AB9F}"
EndProject
Project("{FAE04EC0-301F-11D3-BF4B-00C04F79EFBC}") = "OpenFolderDialog", "..\..\Lib\Controls\OpenFolderDialog\OpenFolderDialog.csproj", "{1DD7F8C5-7E9A-4BA2-9E76-AD4AF327FB99}"
EndProject
Project("{FAE04EC0-301F-11D3-BF4B-00C04F79EFBC}") = "LibLoggerExcel", "..\..\Lib\Loggers\LibLoggerExcel\LibLoggerExcel.csproj", "{C9C696D5-568C-49A4-8ACB-EC68D7201EC5}"
EndProject
Project("{2150E333-8FDC-42A3-9474-1A3956D46DE8}") = "Libraries", "Libraries", "{6F1D1040-5FB7-44E4-AD2B-C23B94D1557F}"
EndProject
Project("{FAE04EC0-301F-11D3-BF4B-00C04F79EFBC}") = "LibUtilities", "..\..\Lib\LibUtilities\LibUtilities.csproj", "{D575DEDA-8493-4B84-9742-3F92C5ABF2CC}"
EndProject
Project("{FAE04EC0-301F-11D3-BF4B-00C04F79EFBC}") = "LibDatabase", "..\..\Lib\LibDatabase\LibDatabase.csproj", "{A2F7ACE6-7BB9-4116-B9CD-DB635A8E6B28}"
EndProject
Project("{FAE04EC0-301F-11D3-BF4B-00C04F79EFBC}") = "LibUutComs", "..\..\Lib\LibUutComs\LibUutComs.csproj", "{3B78E0F1-18E6-4158-BC72-BD4E826A2FAF}"
EndProject
Project("{FAE04EC0-301F-11D3-BF4B-00C04F79EFBC}") = "VideoCamera", "..\..\Lib\Video\VideoCamera\VideoCamera.csproj", "{82AA1C78-A541-4D6A-9C3F-98933B84DE1E}"
EndProject
Project("{FAE04EC0-301F-11D3-BF4B-00C04F79EFBC}") = "VideoCameraUut", "..\..\Lib\Video\VideoCameraUut\VideoCameraUut.csproj", "{C0E9AD77-C2AF-45C9-8293-86AB6D235010}"
EndProject
Project("{FAE04EC0-301F-11D3-BF4B-00C04F79EFBC}") = "IVideoCapture", "..\..\Lib\Video\VideoCapture\IVideoCapture\IVideoCapture.csproj", "{29BFBC7B-B119-4263-BCD8-43D32E9E8BB6}"
EndProject
Project("{FAE04EC0-301F-11D3-BF4B-00C04F79EFBC}") = "VideoCaptureUut", "..\..\Lib\Video\VideoCapture\VideoCaptureUut\VideoCaptureUut.csproj", "{0D0E8170-3318-40EF-BB68-F8498B49A82F}"
EndProject
Project("{FAE04EC0-301F-11D3-BF4B-00C04F79EFBC}") = "VideoCaptureNationalInstr", "..\..\Lib\Video\VideoCapture\VideoCaptureNationalInstr\VideoCaptureNationalInstr.csproj", "{203546F6-8968-45DE-B0BD-A7D82C0100D9}"
EndProject
Project("{FAE04EC0-301F-11D3-BF4B-00C04F79EFBC}") = "AgileFrameViewer", "..\..\Lib\Video\VideoCapture\AgileFrameViewer\AgileFrameViewer.csproj", "{85C46494-C3D9-423A-A50D-AA260A9B6DE1}"
EndProject
Project("{FAE04EC0-301F-11D3-BF4B-00C04F79EFBC}") = "UutComsControls", "..\..\Lib\Controls\UutComsControls\UutComsControls.csproj", "{D98C31DF-C492-49B5-869B-BDD617023A0A}"
EndProject
Project("{2150E333-8FDC-42A3-9474-1A3956D46DE8}") = "VideoStuffForUutControls", "VideoStuffForUutControls", "{E2B06CDC-EFE5-4A66-B586-6AB629EAA9EC}"
EndProject
Project("{FAE04EC0-301F-11D3-BF4B-00C04F79EFBC}") = "TipTextBox", "..\..\Lib\Controls\TipTextBox\TipTextBox.csproj", "{5B7776DB-204A-4253-BE96-1B343014608C}"
EndProject
Project("{FAE04EC0-301F-11D3-BF4B-00C04F79EFBC}") = "LibIni", "..\..\Lib\LibIni\LibIni.csproj", "{621B8480-879F-45F1-8B51-6BD1FED9C9F3}"
EndProject
Project("{FAE04EC0-301F-11D3-BF4B-00C04F79EFBC}") = "LibSimpleBulk", "..\..\Lib\LibSimpleBulk\LibSimpleBulk.csproj", "{91C2062C-DC2A-499A-952F-6521FF8EDE7C}"
EndProject
Project("{FAE04EC0-301F-11D3-BF4B-00C04F79EFBC}") = "LibUtilitiesGui", "..\..\Lib\LibUtilitiesGui\LibUtilitiesGui.csproj", "{B0E432AC-CF0D-4AB1-9CA0-AA320E6E8F5C}"
EndProject
Global
	GlobalSection(SolutionConfigurationPlatforms) = preSolution
		Debug|Any CPU = Debug|Any CPU
		Debug|x64 = Debug|x64
		Debug|x86 = Debug|x86
		Release 64|Any CPU = Release 64|Any CPU
		Release 64|x64 = Release 64|x64
		Release 64|x86 = Release 64|x86
		Release|Any CPU = Release|Any CPU
		Release|x64 = Release|x64
		Release|x86 = Release|x86
	EndGlobalSection
	GlobalSection(ProjectConfigurationPlatforms) = postSolution
		{7791354A-38D6-4110-9D4C-E6C3235B9BF3}.Debug|Any CPU.ActiveCfg = Debug|Any CPU
		{7791354A-38D6-4110-9D4C-E6C3235B9BF3}.Debug|Any CPU.Build.0 = Debug|Any CPU
		{7791354A-38D6-4110-9D4C-E6C3235B9BF3}.Debug|x64.ActiveCfg = Debug|Any CPU
		{7791354A-38D6-4110-9D4C-E6C3235B9BF3}.Debug|x64.Build.0 = Debug|Any CPU
		{7791354A-38D6-4110-9D4C-E6C3235B9BF3}.Debug|x86.ActiveCfg = Debug|Any CPU
		{7791354A-38D6-4110-9D4C-E6C3235B9BF3}.Debug|x86.Build.0 = Debug|Any CPU
		{7791354A-38D6-4110-9D4C-E6C3235B9BF3}.Release 64|Any CPU.ActiveCfg = Release|Any CPU
		{7791354A-38D6-4110-9D4C-E6C3235B9BF3}.Release 64|Any CPU.Build.0 = Release|Any CPU
		{7791354A-38D6-4110-9D4C-E6C3235B9BF3}.Release 64|x64.ActiveCfg = Release|Any CPU
		{7791354A-38D6-4110-9D4C-E6C3235B9BF3}.Release 64|x64.Build.0 = Release|Any CPU
		{7791354A-38D6-4110-9D4C-E6C3235B9BF3}.Release 64|x86.ActiveCfg = Release|Any CPU
		{7791354A-38D6-4110-9D4C-E6C3235B9BF3}.Release 64|x86.Build.0 = Release|Any CPU
		{7791354A-38D6-4110-9D4C-E6C3235B9BF3}.Release|Any CPU.ActiveCfg = Release|Any CPU
		{7791354A-38D6-4110-9D4C-E6C3235B9BF3}.Release|Any CPU.Build.0 = Release|Any CPU
		{7791354A-38D6-4110-9D4C-E6C3235B9BF3}.Release|x64.ActiveCfg = Release|Any CPU
		{7791354A-38D6-4110-9D4C-E6C3235B9BF3}.Release|x64.Build.0 = Release|Any CPU
		{7791354A-38D6-4110-9D4C-E6C3235B9BF3}.Release|x86.ActiveCfg = Release|Any CPU
		{7791354A-38D6-4110-9D4C-E6C3235B9BF3}.Release|x86.Build.0 = Release|Any CPU
		{61B7A3E2-4AD4-4D4F-99AD-B09A1C2BFCBE}.Debug|Any CPU.ActiveCfg = Debug|Any CPU
		{61B7A3E2-4AD4-4D4F-99AD-B09A1C2BFCBE}.Debug|Any CPU.Build.0 = Debug|Any CPU
		{61B7A3E2-4AD4-4D4F-99AD-B09A1C2BFCBE}.Debug|x64.ActiveCfg = Debug|Any CPU
		{61B7A3E2-4AD4-4D4F-99AD-B09A1C2BFCBE}.Debug|x64.Build.0 = Debug|Any CPU
		{61B7A3E2-4AD4-4D4F-99AD-B09A1C2BFCBE}.Debug|x86.ActiveCfg = Debug|Any CPU
		{61B7A3E2-4AD4-4D4F-99AD-B09A1C2BFCBE}.Debug|x86.Build.0 = Debug|Any CPU
		{61B7A3E2-4AD4-4D4F-99AD-B09A1C2BFCBE}.Release 64|Any CPU.ActiveCfg = Release|Any CPU
		{61B7A3E2-4AD4-4D4F-99AD-B09A1C2BFCBE}.Release 64|Any CPU.Build.0 = Release|Any CPU
		{61B7A3E2-4AD4-4D4F-99AD-B09A1C2BFCBE}.Release 64|x64.ActiveCfg = Release|Any CPU
		{61B7A3E2-4AD4-4D4F-99AD-B09A1C2BFCBE}.Release 64|x64.Build.0 = Release|Any CPU
		{61B7A3E2-4AD4-4D4F-99AD-B09A1C2BFCBE}.Release 64|x86.ActiveCfg = Release|Any CPU
		{61B7A3E2-4AD4-4D4F-99AD-B09A1C2BFCBE}.Release 64|x86.Build.0 = Release|Any CPU
		{61B7A3E2-4AD4-4D4F-99AD-B09A1C2BFCBE}.Release|Any CPU.ActiveCfg = Release|Any CPU
		{61B7A3E2-4AD4-4D4F-99AD-B09A1C2BFCBE}.Release|Any CPU.Build.0 = Release|Any CPU
		{61B7A3E2-4AD4-4D4F-99AD-B09A1C2BFCBE}.Release|x64.ActiveCfg = Release|Any CPU
		{61B7A3E2-4AD4-4D4F-99AD-B09A1C2BFCBE}.Release|x64.Build.0 = Release|Any CPU
		{61B7A3E2-4AD4-4D4F-99AD-B09A1C2BFCBE}.Release|x86.ActiveCfg = Release|Any CPU
		{61B7A3E2-4AD4-4D4F-99AD-B09A1C2BFCBE}.Release|x86.Build.0 = Release|Any CPU
		{0AD0B617-45EA-4630-8E5D-06391CD03058}.Debug|Any CPU.ActiveCfg = Debug|Any CPU
		{0AD0B617-45EA-4630-8E5D-06391CD03058}.Debug|Any CPU.Build.0 = Debug|Any CPU
		{0AD0B617-45EA-4630-8E5D-06391CD03058}.Debug|x64.ActiveCfg = Debug|Any CPU
		{0AD0B617-45EA-4630-8E5D-06391CD03058}.Debug|x64.Build.0 = Debug|Any CPU
		{0AD0B617-45EA-4630-8E5D-06391CD03058}.Debug|x86.ActiveCfg = Debug|Any CPU
		{0AD0B617-45EA-4630-8E5D-06391CD03058}.Debug|x86.Build.0 = Debug|Any CPU
		{0AD0B617-45EA-4630-8E5D-06391CD03058}.Release 64|Any CPU.ActiveCfg = Release|Any CPU
		{0AD0B617-45EA-4630-8E5D-06391CD03058}.Release 64|Any CPU.Build.0 = Release|Any CPU
		{0AD0B617-45EA-4630-8E5D-06391CD03058}.Release 64|x64.ActiveCfg = Release|Any CPU
		{0AD0B617-45EA-4630-8E5D-06391CD03058}.Release 64|x64.Build.0 = Release|Any CPU
		{0AD0B617-45EA-4630-8E5D-06391CD03058}.Release 64|x86.ActiveCfg = Release|Any CPU
		{0AD0B617-45EA-4630-8E5D-06391CD03058}.Release 64|x86.Build.0 = Release|Any CPU
		{0AD0B617-45EA-4630-8E5D-06391CD03058}.Release|Any CPU.ActiveCfg = Release|Any CPU
		{0AD0B617-45EA-4630-8E5D-06391CD03058}.Release|Any CPU.Build.0 = Release|Any CPU
		{0AD0B617-45EA-4630-8E5D-06391CD03058}.Release|x64.ActiveCfg = Release|Any CPU
		{0AD0B617-45EA-4630-8E5D-06391CD03058}.Release|x64.Build.0 = Release|Any CPU
		{0AD0B617-45EA-4630-8E5D-06391CD03058}.Release|x86.ActiveCfg = Release|Any CPU
		{0AD0B617-45EA-4630-8E5D-06391CD03058}.Release|x86.Build.0 = Release|Any CPU
		{230AA6FC-2123-48EE-8C85-624258B0DCF5}.Debug|Any CPU.ActiveCfg = Debug|Any CPU
		{230AA6FC-2123-48EE-8C85-624258B0DCF5}.Debug|Any CPU.Build.0 = Debug|Any CPU
		{230AA6FC-2123-48EE-8C85-624258B0DCF5}.Debug|x64.ActiveCfg = Debug|Any CPU
		{230AA6FC-2123-48EE-8C85-624258B0DCF5}.Debug|x64.Build.0 = Debug|Any CPU
		{230AA6FC-2123-48EE-8C85-624258B0DCF5}.Debug|x86.ActiveCfg = Debug|Any CPU
		{230AA6FC-2123-48EE-8C85-624258B0DCF5}.Debug|x86.Build.0 = Debug|Any CPU
		{230AA6FC-2123-48EE-8C85-624258B0DCF5}.Release 64|Any CPU.ActiveCfg = Release|Any CPU
		{230AA6FC-2123-48EE-8C85-624258B0DCF5}.Release 64|Any CPU.Build.0 = Release|Any CPU
		{230AA6FC-2123-48EE-8C85-624258B0DCF5}.Release 64|x64.ActiveCfg = Release|Any CPU
		{230AA6FC-2123-48EE-8C85-624258B0DCF5}.Release 64|x64.Build.0 = Release|Any CPU
		{230AA6FC-2123-48EE-8C85-624258B0DCF5}.Release 64|x86.ActiveCfg = Release|Any CPU
		{230AA6FC-2123-48EE-8C85-624258B0DCF5}.Release 64|x86.Build.0 = Release|Any CPU
		{230AA6FC-2123-48EE-8C85-624258B0DCF5}.Release|Any CPU.ActiveCfg = Release|Any CPU
		{230AA6FC-2123-48EE-8C85-624258B0DCF5}.Release|Any CPU.Build.0 = Release|Any CPU
		{230AA6FC-2123-48EE-8C85-624258B0DCF5}.Release|x64.ActiveCfg = Release|Any CPU
		{230AA6FC-2123-48EE-8C85-624258B0DCF5}.Release|x64.Build.0 = Release|Any CPU
		{230AA6FC-2123-48EE-8C85-624258B0DCF5}.Release|x86.ActiveCfg = Release|Any CPU
		{230AA6FC-2123-48EE-8C85-624258B0DCF5}.Release|x86.Build.0 = Release|Any CPU
		{B01DED13-1C7E-46B1-90AF-503A243FEE17}.Debug|Any CPU.ActiveCfg = Debug|Any CPU
		{B01DED13-1C7E-46B1-90AF-503A243FEE17}.Debug|Any CPU.Build.0 = Debug|Any CPU
		{B01DED13-1C7E-46B1-90AF-503A243FEE17}.Debug|x64.ActiveCfg = Debug|Any CPU
		{B01DED13-1C7E-46B1-90AF-503A243FEE17}.Debug|x64.Build.0 = Debug|Any CPU
		{B01DED13-1C7E-46B1-90AF-503A243FEE17}.Debug|x86.ActiveCfg = Debug|Any CPU
		{B01DED13-1C7E-46B1-90AF-503A243FEE17}.Debug|x86.Build.0 = Debug|Any CPU
		{B01DED13-1C7E-46B1-90AF-503A243FEE17}.Release 64|Any CPU.ActiveCfg = Release|Any CPU
		{B01DED13-1C7E-46B1-90AF-503A243FEE17}.Release 64|Any CPU.Build.0 = Release|Any CPU
		{B01DED13-1C7E-46B1-90AF-503A243FEE17}.Release 64|x64.ActiveCfg = Release|Any CPU
		{B01DED13-1C7E-46B1-90AF-503A243FEE17}.Release 64|x64.Build.0 = Release|Any CPU
		{B01DED13-1C7E-46B1-90AF-503A243FEE17}.Release 64|x86.ActiveCfg = Release|Any CPU
		{B01DED13-1C7E-46B1-90AF-503A243FEE17}.Release 64|x86.Build.0 = Release|Any CPU
		{B01DED13-1C7E-46B1-90AF-503A243FEE17}.Release|Any CPU.ActiveCfg = Release|Any CPU
		{B01DED13-1C7E-46B1-90AF-503A243FEE17}.Release|Any CPU.Build.0 = Release|Any CPU
		{B01DED13-1C7E-46B1-90AF-503A243FEE17}.Release|x64.ActiveCfg = Release|Any CPU
		{B01DED13-1C7E-46B1-90AF-503A243FEE17}.Release|x64.Build.0 = Release|Any CPU
		{B01DED13-1C7E-46B1-90AF-503A243FEE17}.Release|x86.ActiveCfg = Release|Any CPU
		{B01DED13-1C7E-46B1-90AF-503A243FEE17}.Release|x86.Build.0 = Release|Any CPU
		{463B267F-0883-491B-BBBA-69AFF81BB8BC}.Debug|Any CPU.ActiveCfg = Debug|Any CPU
		{463B267F-0883-491B-BBBA-69AFF81BB8BC}.Debug|Any CPU.Build.0 = Debug|Any CPU
		{463B267F-0883-491B-BBBA-69AFF81BB8BC}.Debug|x64.ActiveCfg = Debug|Any CPU
		{463B267F-0883-491B-BBBA-69AFF81BB8BC}.Debug|x64.Build.0 = Debug|Any CPU
		{463B267F-0883-491B-BBBA-69AFF81BB8BC}.Debug|x86.ActiveCfg = Debug|Any CPU
		{463B267F-0883-491B-BBBA-69AFF81BB8BC}.Debug|x86.Build.0 = Debug|Any CPU
		{463B267F-0883-491B-BBBA-69AFF81BB8BC}.Release 64|Any CPU.ActiveCfg = Release|Any CPU
		{463B267F-0883-491B-BBBA-69AFF81BB8BC}.Release 64|Any CPU.Build.0 = Release|Any CPU
		{463B267F-0883-491B-BBBA-69AFF81BB8BC}.Release 64|x64.ActiveCfg = Release|Any CPU
		{463B267F-0883-491B-BBBA-69AFF81BB8BC}.Release 64|x64.Build.0 = Release|Any CPU
		{463B267F-0883-491B-BBBA-69AFF81BB8BC}.Release 64|x86.ActiveCfg = Release|Any CPU
		{463B267F-0883-491B-BBBA-69AFF81BB8BC}.Release 64|x86.Build.0 = Release|Any CPU
		{463B267F-0883-491B-BBBA-69AFF81BB8BC}.Release|Any CPU.ActiveCfg = Release|Any CPU
		{463B267F-0883-491B-BBBA-69AFF81BB8BC}.Release|Any CPU.Build.0 = Release|Any CPU
		{463B267F-0883-491B-BBBA-69AFF81BB8BC}.Release|x64.ActiveCfg = Release|Any CPU
		{463B267F-0883-491B-BBBA-69AFF81BB8BC}.Release|x64.Build.0 = Release|Any CPU
		{463B267F-0883-491B-BBBA-69AFF81BB8BC}.Release|x86.ActiveCfg = Release|Any CPU
		{463B267F-0883-491B-BBBA-69AFF81BB8BC}.Release|x86.Build.0 = Release|Any CPU
		{966F670A-C352-4C94-8B92-68CA5246AB9F}.Debug|Any CPU.ActiveCfg = Debug|Any CPU
		{966F670A-C352-4C94-8B92-68CA5246AB9F}.Debug|Any CPU.Build.0 = Debug|Any CPU
		{966F670A-C352-4C94-8B92-68CA5246AB9F}.Debug|x64.ActiveCfg = Debug|Any CPU
		{966F670A-C352-4C94-8B92-68CA5246AB9F}.Debug|x64.Build.0 = Debug|Any CPU
		{966F670A-C352-4C94-8B92-68CA5246AB9F}.Debug|x86.ActiveCfg = Debug|Any CPU
		{966F670A-C352-4C94-8B92-68CA5246AB9F}.Debug|x86.Build.0 = Debug|Any CPU
		{966F670A-C352-4C94-8B92-68CA5246AB9F}.Release 64|Any CPU.ActiveCfg = Release|Any CPU
		{966F670A-C352-4C94-8B92-68CA5246AB9F}.Release 64|Any CPU.Build.0 = Release|Any CPU
		{966F670A-C352-4C94-8B92-68CA5246AB9F}.Release 64|x64.ActiveCfg = Release|Any CPU
		{966F670A-C352-4C94-8B92-68CA5246AB9F}.Release 64|x64.Build.0 = Release|Any CPU
		{966F670A-C352-4C94-8B92-68CA5246AB9F}.Release 64|x86.ActiveCfg = Release|Any CPU
		{966F670A-C352-4C94-8B92-68CA5246AB9F}.Release 64|x86.Build.0 = Release|Any CPU
		{966F670A-C352-4C94-8B92-68CA5246AB9F}.Release|Any CPU.ActiveCfg = Release|Any CPU
		{966F670A-C352-4C94-8B92-68CA5246AB9F}.Release|Any CPU.Build.0 = Release|Any CPU
		{966F670A-C352-4C94-8B92-68CA5246AB9F}.Release|x64.ActiveCfg = Release|Any CPU
		{966F670A-C352-4C94-8B92-68CA5246AB9F}.Release|x64.Build.0 = Release|Any CPU
		{966F670A-C352-4C94-8B92-68CA5246AB9F}.Release|x86.ActiveCfg = Release|Any CPU
		{966F670A-C352-4C94-8B92-68CA5246AB9F}.Release|x86.Build.0 = Release|Any CPU
		{1DD7F8C5-7E9A-4BA2-9E76-AD4AF327FB99}.Debug|Any CPU.ActiveCfg = Debug|Any CPU
		{1DD7F8C5-7E9A-4BA2-9E76-AD4AF327FB99}.Debug|Any CPU.Build.0 = Debug|Any CPU
		{1DD7F8C5-7E9A-4BA2-9E76-AD4AF327FB99}.Debug|x64.ActiveCfg = Debug|Any CPU
		{1DD7F8C5-7E9A-4BA2-9E76-AD4AF327FB99}.Debug|x64.Build.0 = Debug|Any CPU
		{1DD7F8C5-7E9A-4BA2-9E76-AD4AF327FB99}.Debug|x86.ActiveCfg = Debug|Any CPU
		{1DD7F8C5-7E9A-4BA2-9E76-AD4AF327FB99}.Debug|x86.Build.0 = Debug|Any CPU
		{1DD7F8C5-7E9A-4BA2-9E76-AD4AF327FB99}.Release 64|Any CPU.ActiveCfg = Release|Any CPU
		{1DD7F8C5-7E9A-4BA2-9E76-AD4AF327FB99}.Release 64|Any CPU.Build.0 = Release|Any CPU
		{1DD7F8C5-7E9A-4BA2-9E76-AD4AF327FB99}.Release 64|x64.ActiveCfg = Release|Any CPU
		{1DD7F8C5-7E9A-4BA2-9E76-AD4AF327FB99}.Release 64|x64.Build.0 = Release|Any CPU
		{1DD7F8C5-7E9A-4BA2-9E76-AD4AF327FB99}.Release 64|x86.ActiveCfg = Release|Any CPU
		{1DD7F8C5-7E9A-4BA2-9E76-AD4AF327FB99}.Release 64|x86.Build.0 = Release|Any CPU
		{1DD7F8C5-7E9A-4BA2-9E76-AD4AF327FB99}.Release|Any CPU.ActiveCfg = Release|Any CPU
		{1DD7F8C5-7E9A-4BA2-9E76-AD4AF327FB99}.Release|Any CPU.Build.0 = Release|Any CPU
		{1DD7F8C5-7E9A-4BA2-9E76-AD4AF327FB99}.Release|x64.ActiveCfg = Release|Any CPU
		{1DD7F8C5-7E9A-4BA2-9E76-AD4AF327FB99}.Release|x64.Build.0 = Release|Any CPU
		{1DD7F8C5-7E9A-4BA2-9E76-AD4AF327FB99}.Release|x86.ActiveCfg = Release|Any CPU
		{1DD7F8C5-7E9A-4BA2-9E76-AD4AF327FB99}.Release|x86.Build.0 = Release|Any CPU
		{C9C696D5-568C-49A4-8ACB-EC68D7201EC5}.Debug|Any CPU.ActiveCfg = Debug|Any CPU
		{C9C696D5-568C-49A4-8ACB-EC68D7201EC5}.Debug|Any CPU.Build.0 = Debug|Any CPU
		{C9C696D5-568C-49A4-8ACB-EC68D7201EC5}.Debug|x64.ActiveCfg = Debug|Any CPU
		{C9C696D5-568C-49A4-8ACB-EC68D7201EC5}.Debug|x64.Build.0 = Debug|Any CPU
		{C9C696D5-568C-49A4-8ACB-EC68D7201EC5}.Debug|x86.ActiveCfg = Debug|Any CPU
		{C9C696D5-568C-49A4-8ACB-EC68D7201EC5}.Debug|x86.Build.0 = Debug|Any CPU
		{C9C696D5-568C-49A4-8ACB-EC68D7201EC5}.Release 64|Any CPU.ActiveCfg = Release|Any CPU
		{C9C696D5-568C-49A4-8ACB-EC68D7201EC5}.Release 64|Any CPU.Build.0 = Release|Any CPU
		{C9C696D5-568C-49A4-8ACB-EC68D7201EC5}.Release 64|x64.ActiveCfg = Release|Any CPU
		{C9C696D5-568C-49A4-8ACB-EC68D7201EC5}.Release 64|x64.Build.0 = Release|Any CPU
		{C9C696D5-568C-49A4-8ACB-EC68D7201EC5}.Release 64|x86.ActiveCfg = Release|Any CPU
		{C9C696D5-568C-49A4-8ACB-EC68D7201EC5}.Release 64|x86.Build.0 = Release|Any CPU
		{C9C696D5-568C-49A4-8ACB-EC68D7201EC5}.Release|Any CPU.ActiveCfg = Release|Any CPU
		{C9C696D5-568C-49A4-8ACB-EC68D7201EC5}.Release|Any CPU.Build.0 = Release|Any CPU
		{C9C696D5-568C-49A4-8ACB-EC68D7201EC5}.Release|x64.ActiveCfg = Release|Any CPU
		{C9C696D5-568C-49A4-8ACB-EC68D7201EC5}.Release|x64.Build.0 = Release|Any CPU
		{C9C696D5-568C-49A4-8ACB-EC68D7201EC5}.Release|x86.ActiveCfg = Release|Any CPU
		{C9C696D5-568C-49A4-8ACB-EC68D7201EC5}.Release|x86.Build.0 = Release|Any CPU
		{D575DEDA-8493-4B84-9742-3F92C5ABF2CC}.Debug|Any CPU.ActiveCfg = Debug|Any CPU
		{D575DEDA-8493-4B84-9742-3F92C5ABF2CC}.Debug|Any CPU.Build.0 = Debug|Any CPU
		{D575DEDA-8493-4B84-9742-3F92C5ABF2CC}.Debug|x64.ActiveCfg = Debug|Any CPU
		{D575DEDA-8493-4B84-9742-3F92C5ABF2CC}.Debug|x64.Build.0 = Debug|Any CPU
		{D575DEDA-8493-4B84-9742-3F92C5ABF2CC}.Debug|x86.ActiveCfg = Debug|Any CPU
		{D575DEDA-8493-4B84-9742-3F92C5ABF2CC}.Debug|x86.Build.0 = Debug|Any CPU
		{D575DEDA-8493-4B84-9742-3F92C5ABF2CC}.Release 64|Any CPU.ActiveCfg = Release|Any CPU
		{D575DEDA-8493-4B84-9742-3F92C5ABF2CC}.Release 64|Any CPU.Build.0 = Release|Any CPU
		{D575DEDA-8493-4B84-9742-3F92C5ABF2CC}.Release 64|x64.ActiveCfg = Release|Any CPU
		{D575DEDA-8493-4B84-9742-3F92C5ABF2CC}.Release 64|x64.Build.0 = Release|Any CPU
		{D575DEDA-8493-4B84-9742-3F92C5ABF2CC}.Release 64|x86.ActiveCfg = Release|Any CPU
		{D575DEDA-8493-4B84-9742-3F92C5ABF2CC}.Release 64|x86.Build.0 = Release|Any CPU
		{D575DEDA-8493-4B84-9742-3F92C5ABF2CC}.Release|Any CPU.ActiveCfg = Release|Any CPU
		{D575DEDA-8493-4B84-9742-3F92C5ABF2CC}.Release|Any CPU.Build.0 = Release|Any CPU
		{D575DEDA-8493-4B84-9742-3F92C5ABF2CC}.Release|x64.ActiveCfg = Release|Any CPU
		{D575DEDA-8493-4B84-9742-3F92C5ABF2CC}.Release|x64.Build.0 = Release|Any CPU
		{D575DEDA-8493-4B84-9742-3F92C5ABF2CC}.Release|x86.ActiveCfg = Release|Any CPU
		{D575DEDA-8493-4B84-9742-3F92C5ABF2CC}.Release|x86.Build.0 = Release|Any CPU
		{A2F7ACE6-7BB9-4116-B9CD-DB635A8E6B28}.Debug|Any CPU.ActiveCfg = Debug|Any CPU
		{A2F7ACE6-7BB9-4116-B9CD-DB635A8E6B28}.Debug|Any CPU.Build.0 = Debug|Any CPU
		{A2F7ACE6-7BB9-4116-B9CD-DB635A8E6B28}.Debug|x64.ActiveCfg = Debug|x64
		{A2F7ACE6-7BB9-4116-B9CD-DB635A8E6B28}.Debug|x64.Build.0 = Debug|x64
		{A2F7ACE6-7BB9-4116-B9CD-DB635A8E6B28}.Debug|x86.ActiveCfg = Debug|Any CPU
		{A2F7ACE6-7BB9-4116-B9CD-DB635A8E6B28}.Debug|x86.Build.0 = Debug|Any CPU
		{A2F7ACE6-7BB9-4116-B9CD-DB635A8E6B28}.Release 64|Any CPU.ActiveCfg = Release|Any CPU
		{A2F7ACE6-7BB9-4116-B9CD-DB635A8E6B28}.Release 64|Any CPU.Build.0 = Release|Any CPU
		{A2F7ACE6-7BB9-4116-B9CD-DB635A8E6B28}.Release 64|x64.ActiveCfg = Release|x64
		{A2F7ACE6-7BB9-4116-B9CD-DB635A8E6B28}.Release 64|x64.Build.0 = Release|x64
		{A2F7ACE6-7BB9-4116-B9CD-DB635A8E6B28}.Release 64|x86.ActiveCfg = Release|Any CPU
		{A2F7ACE6-7BB9-4116-B9CD-DB635A8E6B28}.Release 64|x86.Build.0 = Release|Any CPU
		{A2F7ACE6-7BB9-4116-B9CD-DB635A8E6B28}.Release|Any CPU.ActiveCfg = Release|Any CPU
		{A2F7ACE6-7BB9-4116-B9CD-DB635A8E6B28}.Release|Any CPU.Build.0 = Release|Any CPU
		{A2F7ACE6-7BB9-4116-B9CD-DB635A8E6B28}.Release|x64.ActiveCfg = Release|x64
		{A2F7ACE6-7BB9-4116-B9CD-DB635A8E6B28}.Release|x64.Build.0 = Release|x64
		{A2F7ACE6-7BB9-4116-B9CD-DB635A8E6B28}.Release|x86.ActiveCfg = Release|Any CPU
		{A2F7ACE6-7BB9-4116-B9CD-DB635A8E6B28}.Release|x86.Build.0 = Release|Any CPU
		{3B78E0F1-18E6-4158-BC72-BD4E826A2FAF}.Debug|Any CPU.ActiveCfg = Debug|Any CPU
		{3B78E0F1-18E6-4158-BC72-BD4E826A2FAF}.Debug|Any CPU.Build.0 = Debug|Any CPU
		{3B78E0F1-18E6-4158-BC72-BD4E826A2FAF}.Debug|x64.ActiveCfg = Debug|Any CPU
		{3B78E0F1-18E6-4158-BC72-BD4E826A2FAF}.Debug|x64.Build.0 = Debug|Any CPU
		{3B78E0F1-18E6-4158-BC72-BD4E826A2FAF}.Debug|x86.ActiveCfg = Debug|Any CPU
		{3B78E0F1-18E6-4158-BC72-BD4E826A2FAF}.Debug|x86.Build.0 = Debug|Any CPU
		{3B78E0F1-18E6-4158-BC72-BD4E826A2FAF}.Release 64|Any CPU.ActiveCfg = Release|Any CPU
		{3B78E0F1-18E6-4158-BC72-BD4E826A2FAF}.Release 64|Any CPU.Build.0 = Release|Any CPU
		{3B78E0F1-18E6-4158-BC72-BD4E826A2FAF}.Release 64|x64.ActiveCfg = Release|Any CPU
		{3B78E0F1-18E6-4158-BC72-BD4E826A2FAF}.Release 64|x64.Build.0 = Release|Any CPU
		{3B78E0F1-18E6-4158-BC72-BD4E826A2FAF}.Release 64|x86.ActiveCfg = Release|Any CPU
		{3B78E0F1-18E6-4158-BC72-BD4E826A2FAF}.Release 64|x86.Build.0 = Release|Any CPU
		{3B78E0F1-18E6-4158-BC72-BD4E826A2FAF}.Release|Any CPU.ActiveCfg = Release|Any CPU
		{3B78E0F1-18E6-4158-BC72-BD4E826A2FAF}.Release|Any CPU.Build.0 = Release|Any CPU
		{3B78E0F1-18E6-4158-BC72-BD4E826A2FAF}.Release|x64.ActiveCfg = Release|Any CPU
		{3B78E0F1-18E6-4158-BC72-BD4E826A2FAF}.Release|x64.Build.0 = Release|Any CPU
		{3B78E0F1-18E6-4158-BC72-BD4E826A2FAF}.Release|x86.ActiveCfg = Release|Any CPU
		{3B78E0F1-18E6-4158-BC72-BD4E826A2FAF}.Release|x86.Build.0 = Release|Any CPU
		{82AA1C78-A541-4D6A-9C3F-98933B84DE1E}.Debug|Any CPU.ActiveCfg = Debug|Any CPU
		{82AA1C78-A541-4D6A-9C3F-98933B84DE1E}.Debug|Any CPU.Build.0 = Debug|Any CPU
		{82AA1C78-A541-4D6A-9C3F-98933B84DE1E}.Debug|x64.ActiveCfg = Debug|Any CPU
		{82AA1C78-A541-4D6A-9C3F-98933B84DE1E}.Debug|x64.Build.0 = Debug|Any CPU
		{82AA1C78-A541-4D6A-9C3F-98933B84DE1E}.Debug|x86.ActiveCfg = Debug|Any CPU
		{82AA1C78-A541-4D6A-9C3F-98933B84DE1E}.Debug|x86.Build.0 = Debug|Any CPU
		{82AA1C78-A541-4D6A-9C3F-98933B84DE1E}.Release 64|Any CPU.ActiveCfg = Release|Any CPU
		{82AA1C78-A541-4D6A-9C3F-98933B84DE1E}.Release 64|Any CPU.Build.0 = Release|Any CPU
		{82AA1C78-A541-4D6A-9C3F-98933B84DE1E}.Release 64|x64.ActiveCfg = Release|Any CPU
		{82AA1C78-A541-4D6A-9C3F-98933B84DE1E}.Release 64|x64.Build.0 = Release|Any CPU
		{82AA1C78-A541-4D6A-9C3F-98933B84DE1E}.Release 64|x86.ActiveCfg = Release|Any CPU
		{82AA1C78-A541-4D6A-9C3F-98933B84DE1E}.Release 64|x86.Build.0 = Release|Any CPU
		{82AA1C78-A541-4D6A-9C3F-98933B84DE1E}.Release|Any CPU.ActiveCfg = Release|Any CPU
		{82AA1C78-A541-4D6A-9C3F-98933B84DE1E}.Release|Any CPU.Build.0 = Release|Any CPU
		{82AA1C78-A541-4D6A-9C3F-98933B84DE1E}.Release|x64.ActiveCfg = Release|Any CPU
		{82AA1C78-A541-4D6A-9C3F-98933B84DE1E}.Release|x64.Build.0 = Release|Any CPU
		{82AA1C78-A541-4D6A-9C3F-98933B84DE1E}.Release|x86.ActiveCfg = Release|Any CPU
		{82AA1C78-A541-4D6A-9C3F-98933B84DE1E}.Release|x86.Build.0 = Release|Any CPU
		{C0E9AD77-C2AF-45C9-8293-86AB6D235010}.Debug|Any CPU.ActiveCfg = Debug|Any CPU
		{C0E9AD77-C2AF-45C9-8293-86AB6D235010}.Debug|Any CPU.Build.0 = Debug|Any CPU
		{C0E9AD77-C2AF-45C9-8293-86AB6D235010}.Debug|x64.ActiveCfg = Debug|Any CPU
		{C0E9AD77-C2AF-45C9-8293-86AB6D235010}.Debug|x64.Build.0 = Debug|Any CPU
		{C0E9AD77-C2AF-45C9-8293-86AB6D235010}.Debug|x86.ActiveCfg = Debug|Any CPU
		{C0E9AD77-C2AF-45C9-8293-86AB6D235010}.Debug|x86.Build.0 = Debug|Any CPU
		{C0E9AD77-C2AF-45C9-8293-86AB6D235010}.Release 64|Any CPU.ActiveCfg = Release|Any CPU
		{C0E9AD77-C2AF-45C9-8293-86AB6D235010}.Release 64|Any CPU.Build.0 = Release|Any CPU
		{C0E9AD77-C2AF-45C9-8293-86AB6D235010}.Release 64|x64.ActiveCfg = Release|Any CPU
		{C0E9AD77-C2AF-45C9-8293-86AB6D235010}.Release 64|x64.Build.0 = Release|Any CPU
		{C0E9AD77-C2AF-45C9-8293-86AB6D235010}.Release 64|x86.ActiveCfg = Release|Any CPU
		{C0E9AD77-C2AF-45C9-8293-86AB6D235010}.Release 64|x86.Build.0 = Release|Any CPU
		{C0E9AD77-C2AF-45C9-8293-86AB6D235010}.Release|Any CPU.ActiveCfg = Release|Any CPU
		{C0E9AD77-C2AF-45C9-8293-86AB6D235010}.Release|Any CPU.Build.0 = Release|Any CPU
		{C0E9AD77-C2AF-45C9-8293-86AB6D235010}.Release|x64.ActiveCfg = Release|Any CPU
		{C0E9AD77-C2AF-45C9-8293-86AB6D235010}.Release|x64.Build.0 = Release|Any CPU
		{C0E9AD77-C2AF-45C9-8293-86AB6D235010}.Release|x86.ActiveCfg = Release|Any CPU
		{C0E9AD77-C2AF-45C9-8293-86AB6D235010}.Release|x86.Build.0 = Release|Any CPU
		{29BFBC7B-B119-4263-BCD8-43D32E9E8BB6}.Debug|Any CPU.ActiveCfg = Debug|Any CPU
		{29BFBC7B-B119-4263-BCD8-43D32E9E8BB6}.Debug|Any CPU.Build.0 = Debug|Any CPU
		{29BFBC7B-B119-4263-BCD8-43D32E9E8BB6}.Debug|x64.ActiveCfg = Debug|Any CPU
		{29BFBC7B-B119-4263-BCD8-43D32E9E8BB6}.Debug|x64.Build.0 = Debug|Any CPU
		{29BFBC7B-B119-4263-BCD8-43D32E9E8BB6}.Debug|x86.ActiveCfg = Debug|x86
		{29BFBC7B-B119-4263-BCD8-43D32E9E8BB6}.Debug|x86.Build.0 = Debug|x86
		{29BFBC7B-B119-4263-BCD8-43D32E9E8BB6}.Release 64|Any CPU.ActiveCfg = Release|Any CPU
		{29BFBC7B-B119-4263-BCD8-43D32E9E8BB6}.Release 64|Any CPU.Build.0 = Release|Any CPU
		{29BFBC7B-B119-4263-BCD8-43D32E9E8BB6}.Release 64|x64.ActiveCfg = Release|Any CPU
		{29BFBC7B-B119-4263-BCD8-43D32E9E8BB6}.Release 64|x64.Build.0 = Release|Any CPU
		{29BFBC7B-B119-4263-BCD8-43D32E9E8BB6}.Release 64|x86.ActiveCfg = Release|x86
		{29BFBC7B-B119-4263-BCD8-43D32E9E8BB6}.Release 64|x86.Build.0 = Release|x86
		{29BFBC7B-B119-4263-BCD8-43D32E9E8BB6}.Release|Any CPU.ActiveCfg = Release|Any CPU
		{29BFBC7B-B119-4263-BCD8-43D32E9E8BB6}.Release|Any CPU.Build.0 = Release|Any CPU
		{29BFBC7B-B119-4263-BCD8-43D32E9E8BB6}.Release|x64.ActiveCfg = Release|Any CPU
		{29BFBC7B-B119-4263-BCD8-43D32E9E8BB6}.Release|x64.Build.0 = Release|Any CPU
		{29BFBC7B-B119-4263-BCD8-43D32E9E8BB6}.Release|x86.ActiveCfg = Release|x86
		{29BFBC7B-B119-4263-BCD8-43D32E9E8BB6}.Release|x86.Build.0 = Release|x86
		{0D0E8170-3318-40EF-BB68-F8498B49A82F}.Debug|Any CPU.ActiveCfg = Debug|Any CPU
		{0D0E8170-3318-40EF-BB68-F8498B49A82F}.Debug|Any CPU.Build.0 = Debug|Any CPU
		{0D0E8170-3318-40EF-BB68-F8498B49A82F}.Debug|x64.ActiveCfg = Debug|Any CPU
		{0D0E8170-3318-40EF-BB68-F8498B49A82F}.Debug|x64.Build.0 = Debug|Any CPU
		{0D0E8170-3318-40EF-BB68-F8498B49A82F}.Debug|x86.ActiveCfg = Debug|x86
		{0D0E8170-3318-40EF-BB68-F8498B49A82F}.Debug|x86.Build.0 = Debug|x86
		{0D0E8170-3318-40EF-BB68-F8498B49A82F}.Release 64|Any CPU.ActiveCfg = Release|Any CPU
		{0D0E8170-3318-40EF-BB68-F8498B49A82F}.Release 64|Any CPU.Build.0 = Release|Any CPU
		{0D0E8170-3318-40EF-BB68-F8498B49A82F}.Release 64|x64.ActiveCfg = Release|Any CPU
		{0D0E8170-3318-40EF-BB68-F8498B49A82F}.Release 64|x64.Build.0 = Release|Any CPU
		{0D0E8170-3318-40EF-BB68-F8498B49A82F}.Release 64|x86.ActiveCfg = Release|x86
		{0D0E8170-3318-40EF-BB68-F8498B49A82F}.Release 64|x86.Build.0 = Release|x86
		{0D0E8170-3318-40EF-BB68-F8498B49A82F}.Release|Any CPU.ActiveCfg = Release|Any CPU
		{0D0E8170-3318-40EF-BB68-F8498B49A82F}.Release|Any CPU.Build.0 = Release|Any CPU
		{0D0E8170-3318-40EF-BB68-F8498B49A82F}.Release|x64.ActiveCfg = Release|Any CPU
		{0D0E8170-3318-40EF-BB68-F8498B49A82F}.Release|x64.Build.0 = Release|Any CPU
		{0D0E8170-3318-40EF-BB68-F8498B49A82F}.Release|x86.ActiveCfg = Release|x86
		{0D0E8170-3318-40EF-BB68-F8498B49A82F}.Release|x86.Build.0 = Release|x86
		{203546F6-8968-45DE-B0BD-A7D82C0100D9}.Debug|Any CPU.ActiveCfg = Debug|Any CPU
		{203546F6-8968-45DE-B0BD-A7D82C0100D9}.Debug|Any CPU.Build.0 = Debug|Any CPU
		{203546F6-8968-45DE-B0BD-A7D82C0100D9}.Debug|x64.ActiveCfg = Debug|Any CPU
		{203546F6-8968-45DE-B0BD-A7D82C0100D9}.Debug|x64.Build.0 = Debug|Any CPU
		{203546F6-8968-45DE-B0BD-A7D82C0100D9}.Debug|x86.ActiveCfg = Debug|Any CPU
		{203546F6-8968-45DE-B0BD-A7D82C0100D9}.Debug|x86.Build.0 = Debug|Any CPU
		{203546F6-8968-45DE-B0BD-A7D82C0100D9}.Release 64|Any CPU.ActiveCfg = Release|Any CPU
		{203546F6-8968-45DE-B0BD-A7D82C0100D9}.Release 64|Any CPU.Build.0 = Release|Any CPU
		{203546F6-8968-45DE-B0BD-A7D82C0100D9}.Release 64|x64.ActiveCfg = Release|Any CPU
		{203546F6-8968-45DE-B0BD-A7D82C0100D9}.Release 64|x64.Build.0 = Release|Any CPU
		{203546F6-8968-45DE-B0BD-A7D82C0100D9}.Release 64|x86.ActiveCfg = Release|Any CPU
		{203546F6-8968-45DE-B0BD-A7D82C0100D9}.Release 64|x86.Build.0 = Release|Any CPU
		{203546F6-8968-45DE-B0BD-A7D82C0100D9}.Release|Any CPU.ActiveCfg = Release|Any CPU
		{203546F6-8968-45DE-B0BD-A7D82C0100D9}.Release|Any CPU.Build.0 = Release|Any CPU
		{203546F6-8968-45DE-B0BD-A7D82C0100D9}.Release|x64.ActiveCfg = Release|Any CPU
		{203546F6-8968-45DE-B0BD-A7D82C0100D9}.Release|x64.Build.0 = Release|Any CPU
		{203546F6-8968-45DE-B0BD-A7D82C0100D9}.Release|x86.ActiveCfg = Release|Any CPU
		{203546F6-8968-45DE-B0BD-A7D82C0100D9}.Release|x86.Build.0 = Release|Any CPU
		{85C46494-C3D9-423A-A50D-AA260A9B6DE1}.Debug|Any CPU.ActiveCfg = Debug|Any CPU
		{85C46494-C3D9-423A-A50D-AA260A9B6DE1}.Debug|Any CPU.Build.0 = Debug|Any CPU
		{85C46494-C3D9-423A-A50D-AA260A9B6DE1}.Debug|x64.ActiveCfg = Debug|Any CPU
		{85C46494-C3D9-423A-A50D-AA260A9B6DE1}.Debug|x64.Build.0 = Debug|Any CPU
		{85C46494-C3D9-423A-A50D-AA260A9B6DE1}.Debug|x86.ActiveCfg = Debug|Any CPU
		{85C46494-C3D9-423A-A50D-AA260A9B6DE1}.Debug|x86.Build.0 = Debug|Any CPU
		{85C46494-C3D9-423A-A50D-AA260A9B6DE1}.Release 64|Any CPU.ActiveCfg = Release|Any CPU
		{85C46494-C3D9-423A-A50D-AA260A9B6DE1}.Release 64|Any CPU.Build.0 = Release|Any CPU
		{85C46494-C3D9-423A-A50D-AA260A9B6DE1}.Release 64|x64.ActiveCfg = Release|Any CPU
		{85C46494-C3D9-423A-A50D-AA260A9B6DE1}.Release 64|x64.Build.0 = Release|Any CPU
		{85C46494-C3D9-423A-A50D-AA260A9B6DE1}.Release 64|x86.ActiveCfg = Release|Any CPU
		{85C46494-C3D9-423A-A50D-AA260A9B6DE1}.Release 64|x86.Build.0 = Release|Any CPU
		{85C46494-C3D9-423A-A50D-AA260A9B6DE1}.Release|Any CPU.ActiveCfg = Release|Any CPU
		{85C46494-C3D9-423A-A50D-AA260A9B6DE1}.Release|Any CPU.Build.0 = Release|Any CPU
		{85C46494-C3D9-423A-A50D-AA260A9B6DE1}.Release|x64.ActiveCfg = Release|Any CPU
		{85C46494-C3D9-423A-A50D-AA260A9B6DE1}.Release|x64.Build.0 = Release|Any CPU
		{85C46494-C3D9-423A-A50D-AA260A9B6DE1}.Release|x86.ActiveCfg = Release|Any CPU
		{85C46494-C3D9-423A-A50D-AA260A9B6DE1}.Release|x86.Build.0 = Release|Any CPU
		{D98C31DF-C492-49B5-869B-BDD617023A0A}.Debug|Any CPU.ActiveCfg = Debug|Any CPU
		{D98C31DF-C492-49B5-869B-BDD617023A0A}.Debug|Any CPU.Build.0 = Debug|Any CPU
		{D98C31DF-C492-49B5-869B-BDD617023A0A}.Debug|x64.ActiveCfg = Debug|Any CPU
		{D98C31DF-C492-49B5-869B-BDD617023A0A}.Debug|x64.Build.0 = Debug|Any CPU
		{D98C31DF-C492-49B5-869B-BDD617023A0A}.Debug|x86.ActiveCfg = Debug|Any CPU
		{D98C31DF-C492-49B5-869B-BDD617023A0A}.Debug|x86.Build.0 = Debug|Any CPU
		{D98C31DF-C492-49B5-869B-BDD617023A0A}.Release 64|Any CPU.ActiveCfg = Release|Any CPU
		{D98C31DF-C492-49B5-869B-BDD617023A0A}.Release 64|Any CPU.Build.0 = Release|Any CPU
		{D98C31DF-C492-49B5-869B-BDD617023A0A}.Release 64|x64.ActiveCfg = Release|Any CPU
		{D98C31DF-C492-49B5-869B-BDD617023A0A}.Release 64|x64.Build.0 = Release|Any CPU
		{D98C31DF-C492-49B5-869B-BDD617023A0A}.Release 64|x86.ActiveCfg = Release|Any CPU
		{D98C31DF-C492-49B5-869B-BDD617023A0A}.Release 64|x86.Build.0 = Release|Any CPU
		{D98C31DF-C492-49B5-869B-BDD617023A0A}.Release|Any CPU.ActiveCfg = Release|Any CPU
		{D98C31DF-C492-49B5-869B-BDD617023A0A}.Release|Any CPU.Build.0 = Release|Any CPU
		{D98C31DF-C492-49B5-869B-BDD617023A0A}.Release|x64.ActiveCfg = Release|Any CPU
		{D98C31DF-C492-49B5-869B-BDD617023A0A}.Release|x64.Build.0 = Release|Any CPU
		{D98C31DF-C492-49B5-869B-BDD617023A0A}.Release|x86.ActiveCfg = Release|Any CPU
		{D98C31DF-C492-49B5-869B-BDD617023A0A}.Release|x86.Build.0 = Release|Any CPU
		{5B7776DB-204A-4253-BE96-1B343014608C}.Debug|Any CPU.ActiveCfg = Debug|Any CPU
		{5B7776DB-204A-4253-BE96-1B343014608C}.Debug|Any CPU.Build.0 = Debug|Any CPU
		{5B7776DB-204A-4253-BE96-1B343014608C}.Debug|x64.ActiveCfg = Debug|Any CPU
		{5B7776DB-204A-4253-BE96-1B343014608C}.Debug|x64.Build.0 = Debug|Any CPU
		{5B7776DB-204A-4253-BE96-1B343014608C}.Debug|x86.ActiveCfg = Debug|Any CPU
		{5B7776DB-204A-4253-BE96-1B343014608C}.Debug|x86.Build.0 = Debug|Any CPU
		{5B7776DB-204A-4253-BE96-1B343014608C}.Release 64|Any CPU.ActiveCfg = Release|Any CPU
		{5B7776DB-204A-4253-BE96-1B343014608C}.Release 64|Any CPU.Build.0 = Release|Any CPU
		{5B7776DB-204A-4253-BE96-1B343014608C}.Release 64|x64.ActiveCfg = Release|Any CPU
		{5B7776DB-204A-4253-BE96-1B343014608C}.Release 64|x64.Build.0 = Release|Any CPU
		{5B7776DB-204A-4253-BE96-1B343014608C}.Release 64|x86.ActiveCfg = Release|Any CPU
		{5B7776DB-204A-4253-BE96-1B343014608C}.Release 64|x86.Build.0 = Release|Any CPU
		{5B7776DB-204A-4253-BE96-1B343014608C}.Release|Any CPU.ActiveCfg = Release|Any CPU
		{5B7776DB-204A-4253-BE96-1B343014608C}.Release|Any CPU.Build.0 = Release|Any CPU
		{5B7776DB-204A-4253-BE96-1B343014608C}.Release|x64.ActiveCfg = Release|Any CPU
		{5B7776DB-204A-4253-BE96-1B343014608C}.Release|x64.Build.0 = Release|Any CPU
		{5B7776DB-204A-4253-BE96-1B343014608C}.Release|x86.ActiveCfg = Release|Any CPU
		{5B7776DB-204A-4253-BE96-1B343014608C}.Release|x86.Build.0 = Release|Any CPU
		{621B8480-879F-45F1-8B51-6BD1FED9C9F3}.Debug|Any CPU.ActiveCfg = Debug|Any CPU
		{621B8480-879F-45F1-8B51-6BD1FED9C9F3}.Debug|Any CPU.Build.0 = Debug|Any CPU
		{621B8480-879F-45F1-8B51-6BD1FED9C9F3}.Debug|x64.ActiveCfg = Debug|Any CPU
		{621B8480-879F-45F1-8B51-6BD1FED9C9F3}.Debug|x64.Build.0 = Debug|Any CPU
		{621B8480-879F-45F1-8B51-6BD1FED9C9F3}.Debug|x86.ActiveCfg = Debug|Any CPU
		{621B8480-879F-45F1-8B51-6BD1FED9C9F3}.Debug|x86.Build.0 = Debug|Any CPU
		{621B8480-879F-45F1-8B51-6BD1FED9C9F3}.Release 64|Any CPU.ActiveCfg = Release|Any CPU
		{621B8480-879F-45F1-8B51-6BD1FED9C9F3}.Release 64|Any CPU.Build.0 = Release|Any CPU
		{621B8480-879F-45F1-8B51-6BD1FED9C9F3}.Release 64|x64.ActiveCfg = Release|Any CPU
		{621B8480-879F-45F1-8B51-6BD1FED9C9F3}.Release 64|x64.Build.0 = Release|Any CPU
		{621B8480-879F-45F1-8B51-6BD1FED9C9F3}.Release 64|x86.ActiveCfg = Release|Any CPU
		{621B8480-879F-45F1-8B51-6BD1FED9C9F3}.Release 64|x86.Build.0 = Release|Any CPU
		{621B8480-879F-45F1-8B51-6BD1FED9C9F3}.Release|Any CPU.ActiveCfg = Release|Any CPU
		{621B8480-879F-45F1-8B51-6BD1FED9C9F3}.Release|Any CPU.Build.0 = Release|Any CPU
		{621B8480-879F-45F1-8B51-6BD1FED9C9F3}.Release|x64.ActiveCfg = Release|Any CPU
		{621B8480-879F-45F1-8B51-6BD1FED9C9F3}.Release|x64.Build.0 = Release|Any CPU
		{621B8480-879F-45F1-8B51-6BD1FED9C9F3}.Release|x86.ActiveCfg = Release|Any CPU
		{621B8480-879F-45F1-8B51-6BD1FED9C9F3}.Release|x86.Build.0 = Release|Any CPU
		{91C2062C-DC2A-499A-952F-6521FF8EDE7C}.Debug|Any CPU.ActiveCfg = Debug|Any CPU
		{91C2062C-DC2A-499A-952F-6521FF8EDE7C}.Debug|Any CPU.Build.0 = Debug|Any CPU
		{91C2062C-DC2A-499A-952F-6521FF8EDE7C}.Debug|x64.ActiveCfg = Debug|Any CPU
		{91C2062C-DC2A-499A-952F-6521FF8EDE7C}.Debug|x64.Build.0 = Debug|Any CPU
		{91C2062C-DC2A-499A-952F-6521FF8EDE7C}.Debug|x86.ActiveCfg = Debug|Any CPU
		{91C2062C-DC2A-499A-952F-6521FF8EDE7C}.Debug|x86.Build.0 = Debug|Any CPU
		{91C2062C-DC2A-499A-952F-6521FF8EDE7C}.Release 64|Any CPU.ActiveCfg = Release|Any CPU
		{91C2062C-DC2A-499A-952F-6521FF8EDE7C}.Release 64|Any CPU.Build.0 = Release|Any CPU
		{91C2062C-DC2A-499A-952F-6521FF8EDE7C}.Release 64|x64.ActiveCfg = Release|Any CPU
		{91C2062C-DC2A-499A-952F-6521FF8EDE7C}.Release 64|x64.Build.0 = Release|Any CPU
		{91C2062C-DC2A-499A-952F-6521FF8EDE7C}.Release 64|x86.ActiveCfg = Release|Any CPU
		{91C2062C-DC2A-499A-952F-6521FF8EDE7C}.Release 64|x86.Build.0 = Release|Any CPU
		{91C2062C-DC2A-499A-952F-6521FF8EDE7C}.Release|Any CPU.ActiveCfg = Release|Any CPU
		{91C2062C-DC2A-499A-952F-6521FF8EDE7C}.Release|Any CPU.Build.0 = Release|Any CPU
		{91C2062C-DC2A-499A-952F-6521FF8EDE7C}.Release|x64.ActiveCfg = Release|Any CPU
		{91C2062C-DC2A-499A-952F-6521FF8EDE7C}.Release|x64.Build.0 = Release|Any CPU
		{91C2062C-DC2A-499A-952F-6521FF8EDE7C}.Release|x86.ActiveCfg = Release|Any CPU
		{91C2062C-DC2A-499A-952F-6521FF8EDE7C}.Release|x86.Build.0 = Release|Any CPU
		{B0E432AC-CF0D-4AB1-9CA0-AA320E6E8F5C}.Debug|Any CPU.ActiveCfg = Debug|Any CPU
		{B0E432AC-CF0D-4AB1-9CA0-AA320E6E8F5C}.Debug|Any CPU.Build.0 = Debug|Any CPU
		{B0E432AC-CF0D-4AB1-9CA0-AA320E6E8F5C}.Debug|x64.ActiveCfg = Debug|Any CPU
		{B0E432AC-CF0D-4AB1-9CA0-AA320E6E8F5C}.Debug|x64.Build.0 = Debug|Any CPU
		{B0E432AC-CF0D-4AB1-9CA0-AA320E6E8F5C}.Debug|x86.ActiveCfg = Debug|Any CPU
		{B0E432AC-CF0D-4AB1-9CA0-AA320E6E8F5C}.Debug|x86.Build.0 = Debug|Any CPU
		{B0E432AC-CF0D-4AB1-9CA0-AA320E6E8F5C}.Release 64|Any CPU.ActiveCfg = Release|Any CPU
		{B0E432AC-CF0D-4AB1-9CA0-AA320E6E8F5C}.Release 64|Any CPU.Build.0 = Release|Any CPU
		{B0E432AC-CF0D-4AB1-9CA0-AA320E6E8F5C}.Release 64|x64.ActiveCfg = Release|Any CPU
		{B0E432AC-CF0D-4AB1-9CA0-AA320E6E8F5C}.Release 64|x64.Build.0 = Release|Any CPU
		{B0E432AC-CF0D-4AB1-9CA0-AA320E6E8F5C}.Release 64|x86.ActiveCfg = Release|Any CPU
		{B0E432AC-CF0D-4AB1-9CA0-AA320E6E8F5C}.Release 64|x86.Build.0 = Release|Any CPU
		{B0E432AC-CF0D-4AB1-9CA0-AA320E6E8F5C}.Release|Any CPU.ActiveCfg = Release|Any CPU
		{B0E432AC-CF0D-4AB1-9CA0-AA320E6E8F5C}.Release|Any CPU.Build.0 = Release|Any CPU
		{B0E432AC-CF0D-4AB1-9CA0-AA320E6E8F5C}.Release|x64.ActiveCfg = Release|Any CPU
		{B0E432AC-CF0D-4AB1-9CA0-AA320E6E8F5C}.Release|x64.Build.0 = Release|Any CPU
		{B0E432AC-CF0D-4AB1-9CA0-AA320E6E8F5C}.Release|x86.ActiveCfg = Release|Any CPU
		{B0E432AC-CF0D-4AB1-9CA0-AA320E6E8F5C}.Release|x86.Build.0 = Release|Any CPU
	EndGlobalSection
	GlobalSection(SolutionProperties) = preSolution
		HideSolutionNode = FALSE
	EndGlobalSection
	GlobalSection(NestedProjects) = preSolution
		{61B7A3E2-4AD4-4D4F-99AD-B09A1C2BFCBE} = {9AD83597-2EBE-441C-815A-EB1EDB39AE8C}
		{0AD0B617-45EA-4630-8E5D-06391CD03058} = {9AD83597-2EBE-441C-815A-EB1EDB39AE8C}
		{230AA6FC-2123-48EE-8C85-624258B0DCF5} = {9AD83597-2EBE-441C-815A-EB1EDB39AE8C}
		{463B267F-0883-491B-BBBA-69AFF81BB8BC} = {875E6ED4-EF45-43AE-85D2-3BC002E7E06F}
		{966F670A-C352-4C94-8B92-68CA5246AB9F} = {9AD83597-2EBE-441C-815A-EB1EDB39AE8C}
		{1DD7F8C5-7E9A-4BA2-9E76-AD4AF327FB99} = {9AD83597-2EBE-441C-815A-EB1EDB39AE8C}
		{C9C696D5-568C-49A4-8ACB-EC68D7201EC5} = {875E6ED4-EF45-43AE-85D2-3BC002E7E06F}
		{D575DEDA-8493-4B84-9742-3F92C5ABF2CC} = {6F1D1040-5FB7-44E4-AD2B-C23B94D1557F}
		{A2F7ACE6-7BB9-4116-B9CD-DB635A8E6B28} = {6F1D1040-5FB7-44E4-AD2B-C23B94D1557F}
		{3B78E0F1-18E6-4158-BC72-BD4E826A2FAF} = {6F1D1040-5FB7-44E4-AD2B-C23B94D1557F}
		{82AA1C78-A541-4D6A-9C3F-98933B84DE1E} = {E2B06CDC-EFE5-4A66-B586-6AB629EAA9EC}
		{C0E9AD77-C2AF-45C9-8293-86AB6D235010} = {E2B06CDC-EFE5-4A66-B586-6AB629EAA9EC}
		{29BFBC7B-B119-4263-BCD8-43D32E9E8BB6} = {E2B06CDC-EFE5-4A66-B586-6AB629EAA9EC}
		{0D0E8170-3318-40EF-BB68-F8498B49A82F} = {E2B06CDC-EFE5-4A66-B586-6AB629EAA9EC}
		{203546F6-8968-45DE-B0BD-A7D82C0100D9} = {E2B06CDC-EFE5-4A66-B586-6AB629EAA9EC}
		{85C46494-C3D9-423A-A50D-AA260A9B6DE1} = {E2B06CDC-EFE5-4A66-B586-6AB629EAA9EC}
		{D98C31DF-C492-49B5-869B-BDD617023A0A} = {9AD83597-2EBE-441C-815A-EB1EDB39AE8C}
		{E2B06CDC-EFE5-4A66-B586-6AB629EAA9EC} = {6F1D1040-5FB7-44E4-AD2B-C23B94D1557F}
		{5B7776DB-204A-4253-BE96-1B343014608C} = {9AD83597-2EBE-441C-815A-EB1EDB39AE8C}
		{621B8480-879F-45F1-8B51-6BD1FED9C9F3} = {E2B06CDC-EFE5-4A66-B586-6AB629EAA9EC}
		{91C2062C-DC2A-499A-952F-6521FF8EDE7C} = {6F1D1040-5FB7-44E4-AD2B-C23B94D1557F}
		{B0E432AC-CF0D-4AB1-9CA0-AA320E6E8F5C} = {6F1D1040-5FB7-44E4-AD2B-C23B94D1557F}
	EndGlobalSection
	GlobalSection(ExtensibilityGlobals) = postSolution
		SolutionGuid = {DB5EF070-BCB1-418A-B8B8-26971FA630C7}
	EndGlobalSection
EndGlobal
